
Microsoft Visual Studio Solution File, Format Version 12.00
# Visual Studio Version 17
VisualStudioVersion = 17.13.35825.156 d17.13
MinimumVisualStudioVersion = 10.0.40219.1
Project("{FAE04EC0-301F-11D3-BF4B-00C04F79EFBC}") = "CSHARP250305", "CSHARP250305.csproj", "{9F6C06A4-4F8E-46BC-AB88-EB80A3259FA6}"
EndProject
Global
	GlobalSection(SolutionConfigurationPlatforms) = preSolution
		Debug|Any CPU = Debug|Any CPU
		Release|Any CPU = Release|Any CPU
	EndGlobalSection
	GlobalSection(ProjectConfigurationPlatforms) = postSolution
		{9F6C06A4-4F8E-46BC-AB88-EB80A3259FA6}.Debug|Any CPU.ActiveCfg = Debug|Any CPU
		{9F6C06A4-4F8E-46BC-AB88-EB80A3259FA6}.Debug|Any CPU.Build.0 = Debug|Any CPU
		{9F6C06A4-4F8E-46BC-AB88-EB80A3259FA6}.Release|Any CPU.ActiveCfg = Release|Any CPU
		{9F6C06A4-4F8E-46BC-AB88-EB80A3259FA6}.Release|Any CPU.Build.0 = Release|Any CPU
	EndGlobalSection
	GlobalSection(SolutionProperties) = preSolution
		HideSolutionNode = FALSE
	EndGlobalSection
	GlobalSection(ExtensibilityGlobals) = postSolution
		SolutionGuid = {A1095DD5-0DF8-4AE6-8029-BAB118CA7A2E}
	EndGlobalSection
EndGlobal
